
Microsoft Visual Studio Solution File, Format Version 12.00
# Visual Studio Version 17
VisualStudioVersion = 17.8.34316.72
MinimumVisualStudioVersion = 10.0.40219.1
Project("{FAE04EC0-301F-11D3-BF4B-00C04F79EFBC}") = "RetosMoureDev", "RetosMoureDev.csproj", "{2946535A-A145-446E-BFDD-D60E487BD0CC}"
EndProject
Global
	GlobalSection(SolutionConfigurationPlatforms) = preSolution
		Debug|Any CPU = Debug|Any CPU
		Release|Any CPU = Release|Any CPU
	EndGlobalSection
	GlobalSection(ProjectConfigurationPlatforms) = postSolution
		{2946535A-A145-446E-BFDD-D60E487BD0CC}.Debug|Any CPU.ActiveCfg = Debug|Any CPU
		{2946535A-A145-446E-BFDD-D60E487BD0CC}.Debug|Any CPU.Build.0 = Debug|Any CPU
		{2946535A-A145-446E-BFDD-D60E487BD0CC}.Release|Any CPU.ActiveCfg = Release|Any CPU
		{2946535A-A145-446E-BFDD-D60E487BD0CC}.Release|Any CPU.Build.0 = Release|Any CPU
	EndGlobalSection
	GlobalSection(SolutionProperties) = preSolution
		HideSolutionNode = FALSE
	EndGlobalSection
	GlobalSection(ExtensibilityGlobals) = postSolution
		SolutionGuid = {B8404F69-3604-4422-9B9C-11C795B3B35E}
	EndGlobalSection
EndGlobal
